Microsoft Visual Studio Solution File, Format Version 11.00
# Visual Studio 2008

Project("{B6978D78-7235-0F9C-284E-A0DBE97C1EFE}") = "KMT Test", "Assembly-CSharp-firstpass-vs.csproj", "{BF884F0E-25DD-2BDB-0833-86D30DDEBEBB}"
EndProject
Project("{B6978D78-7235-0F9C-284E-A0DBE97C1EFE}") = "KMT Test", "Assembly-CSharp-vs.csproj", "{1B502746-3F03-6B47-D224-9738E5B60DF7}"
EndProject
Project("{B6978D78-7235-0F9C-284E-A0DBE97C1EFE}") = "KMT Test", "Assembly-CSharp-Editor-vs.csproj", "{B5B1D68F-643F-5920-3738-C52426F80ED6}"
EndProject
Global
	GlobalSection(SolutionConfigurationPlatforms) = preSolution
		Debug|Any CPU = Debug|Any CPU
		Release|Any CPU = Release|Any CPU
	EndGlobalSection
	GlobalSection(ProjectConfigurationPlatforms) = postSolution
		{BF884F0E-25DD-2BDB-0833-86D30DDEBEBB}.Debug|Any CPU.ActiveCfg = Debug|Any CPU
		{BF884F0E-25DD-2BDB-0833-86D30DDEBEBB}.Debug|Any CPU.Build.0 = Debug|Any CPU
		{BF884F0E-25DD-2BDB-0833-86D30DDEBEBB}.Release|Any CPU.ActiveCfg = Release|Any CPU
		{BF884F0E-25DD-2BDB-0833-86D30DDEBEBB}.Release|Any CPU.Build.0 = Release|Any CPU
		{1B502746-3F03-6B47-D224-9738E5B60DF7}.Debug|Any CPU.ActiveCfg = Debug|Any CPU
		{1B502746-3F03-6B47-D224-9738E5B60DF7}.Debug|Any CPU.Build.0 = Debug|Any CPU
		{1B502746-3F03-6B47-D224-9738E5B60DF7}.Release|Any CPU.ActiveCfg = Release|Any CPU
		{1B502746-3F03-6B47-D224-9738E5B60DF7}.Release|Any CPU.Build.0 = Release|Any CPU
		{B5B1D68F-643F-5920-3738-C52426F80ED6}.Debug|Any CPU.ActiveCfg = Debug|Any CPU
		{B5B1D68F-643F-5920-3738-C52426F80ED6}.Debug|Any CPU.Build.0 = Debug|Any CPU
		{B5B1D68F-643F-5920-3738-C52426F80ED6}.Release|Any CPU.ActiveCfg = Release|Any CPU
		{B5B1D68F-643F-5920-3738-C52426F80ED6}.Release|Any CPU.Build.0 = Release|Any CPU
	EndGlobalSection
	GlobalSection(SolutionProperties) = preSolution
		HideSolutionNode = FALSE
	EndGlobalSection
																			GlobalSection(MonoDevelopProperties) = preSolution
		StartupItem = Assembly-CSharp.csproj
		Policies = $0
		$0.TextStylePolicy = $1
		$1.inheritsSet = null
		$1.scope = text/x-csharp
		$0.CSharpFormattingPolicy = $2
		$2.inheritsSet = Mono
		$2.inheritsScope = text/x-csharp
		$2.scope = text/x-csharp
		$0.TextStylePolicy = $3
		$3.FileWidth = 120
		$3.TabWidth = 4
		$3.IndentWidth = 4
		$3.EolMarker = Unix
		$3.inheritsSet = Mono
		$3.inheritsScope = text/plain
		$3.scope = text/plain
	EndGlobalSection

EndGlobal
